
Microsoft Visual Studio Solution File, Format Version 12.00
# Visual Studio Version 17
VisualStudioVersion = 17.9.34728.123
MinimumVisualStudioVersion = 10.0.40219.1
Project("{54A90642-561A-4BB1-A94E-469ADEE60C69}") = "timetrackerwebapp.client", "timetrackerwebapp.client\timetrackerwebapp.client.esproj", "{96A1942C-4B9A-430C-BEFA-C09CFA1F7C43}"
EndProject
Global
	GlobalSection(SolutionConfigurationPlatforms) = preSolution
		Debug|Any CPU = Debug|Any CPU
		Release|Any CPU = Release|Any CPU
	EndGlobalSection
	GlobalSection(ProjectConfigurationPlatforms) = postSolution
		{96A1942C-4B9A-430C-BEFA-C09CFA1F7C43}.Debug|Any CPU.ActiveCfg = Debug|Any CPU
		{96A1942C-4B9A-430C-BEFA-C09CFA1F7C43}.Debug|Any CPU.Build.0 = Debug|Any CPU
		{96A1942C-4B9A-430C-BEFA-C09CFA1F7C43}.Debug|Any CPU.Deploy.0 = Debug|Any CPU
		{96A1942C-4B9A-430C-BEFA-C09CFA1F7C43}.Release|Any CPU.ActiveCfg = Release|Any CPU
		{96A1942C-4B9A-430C-BEFA-C09CFA1F7C43}.Release|Any CPU.Build.0 = Release|Any CPU
		{96A1942C-4B9A-430C-BEFA-C09CFA1F7C43}.Release|Any CPU.Deploy.0 = Release|Any CPU
	EndGlobalSection
	GlobalSection(SolutionProperties) = preSolution
		HideSolutionNode = FALSE
	EndGlobalSection
	GlobalSection(ExtensibilityGlobals) = postSolution
		SolutionGuid = {4599F383-D06F-4D7A-98B9-CA50164B4157}
	EndGlobalSection
EndGlobal
